
Microsoft Visual Studio Solution File, Format Version 12.00
# Visual Studio Version 17
VisualStudioVersion = 17.9.34723.18
MinimumVisualStudioVersion = 10.0.40219.1
Project("{FAE04EC0-301F-11D3-BF4B-00C04F79EFBC}") = "Ejercicio1_TP2", "Ejercicio1_TP2.csproj", "{5DB037A8-5BB0-40F5-AD49-7CACA39BAB38}"
EndProject
Global
	GlobalSection(SolutionConfigurationPlatforms) = preSolution
		Debug|Any CPU = Debug|Any CPU
		Release|Any CPU = Release|Any CPU
	EndGlobalSection
	GlobalSection(ProjectConfigurationPlatforms) = postSolution
		{5DB037A8-5BB0-40F5-AD49-7CACA39BAB38}.Debug|Any CPU.ActiveCfg = Debug|Any CPU
		{5DB037A8-5BB0-40F5-AD49-7CACA39BAB38}.Debug|Any CPU.Build.0 = Debug|Any CPU
		{5DB037A8-5BB0-40F5-AD49-7CACA39BAB38}.Release|Any CPU.ActiveCfg = Release|Any CPU
		{5DB037A8-5BB0-40F5-AD49-7CACA39BAB38}.Release|Any CPU.Build.0 = Release|Any CPU
	EndGlobalSection
	GlobalSection(SolutionProperties) = preSolution
		HideSolutionNode = FALSE
	EndGlobalSection
	GlobalSection(ExtensibilityGlobals) = postSolution
		SolutionGuid = {1F76CBF3-D98B-4213-82D8-AAA10F9D007B}
	EndGlobalSection
EndGlobal
