
Microsoft Visual Studio Solution File, Format Version 12.00
# Visual Studio Version 17
VisualStudioVersion = 17.9.34723.18
MinimumVisualStudioVersion = 10.0.40219.1
Project("{FAE04EC0-301F-11D3-BF4B-00C04F79EFBC}") = "Ejercicio8_TP2", "Ejercicio8_TP2.csproj", "{4B6DE4E7-8CC2-4A19-B513-54B3E9394D7D}"
EndProject
Global
	GlobalSection(SolutionConfigurationPlatforms) = preSolution
		Debug|Any CPU = Debug|Any CPU
		Release|Any CPU = Release|Any CPU
	EndGlobalSection
	GlobalSection(ProjectConfigurationPlatforms) = postSolution
		{4B6DE4E7-8CC2-4A19-B513-54B3E9394D7D}.Debug|Any CPU.ActiveCfg = Debug|Any CPU
		{4B6DE4E7-8CC2-4A19-B513-54B3E9394D7D}.Debug|Any CPU.Build.0 = Debug|Any CPU
		{4B6DE4E7-8CC2-4A19-B513-54B3E9394D7D}.Release|Any CPU.ActiveCfg = Release|Any CPU
		{4B6DE4E7-8CC2-4A19-B513-54B3E9394D7D}.Release|Any CPU.Build.0 = Release|Any CPU
	EndGlobalSection
	GlobalSection(SolutionProperties) = preSolution
		HideSolutionNode = FALSE
	EndGlobalSection
	GlobalSection(ExtensibilityGlobals) = postSolution
		SolutionGuid = {8C585A36-9CEA-4D7A-954E-04D17F9C2036}
	EndGlobalSection
EndGlobal
