
Microsoft Visual Studio Solution File, Format Version 12.00
# Visual Studio Version 17
VisualStudioVersion = 17.9.34723.18
MinimumVisualStudioVersion = 10.0.40219.1
Project("{FAE04EC0-301F-11D3-BF4B-00C04F79EFBC}") = "Ejercicio2_TP2", "Ejercicio2_TP2\Ejercicio2_TP2.csproj", "{83C23BD8-9B6A-4D3A-A8FC-CEEFF895C380}"
EndProject
Global
	GlobalSection(SolutionConfigurationPlatforms) = preSolution
		Debug|Any CPU = Debug|Any CPU
		Release|Any CPU = Release|Any CPU
	EndGlobalSection
	GlobalSection(ProjectConfigurationPlatforms) = postSolution
		{83C23BD8-9B6A-4D3A-A8FC-CEEFF895C380}.Debug|Any CPU.ActiveCfg = Debug|Any CPU
		{83C23BD8-9B6A-4D3A-A8FC-CEEFF895C380}.Debug|Any CPU.Build.0 = Debug|Any CPU
		{83C23BD8-9B6A-4D3A-A8FC-CEEFF895C380}.Release|Any CPU.ActiveCfg = Release|Any CPU
		{83C23BD8-9B6A-4D3A-A8FC-CEEFF895C380}.Release|Any CPU.Build.0 = Release|Any CPU
	EndGlobalSection
	GlobalSection(SolutionProperties) = preSolution
		HideSolutionNode = FALSE
	EndGlobalSection
	GlobalSection(ExtensibilityGlobals) = postSolution
		SolutionGuid = {0A90A31C-4189-4699-9691-BE17CEC564A2}
	EndGlobalSection
EndGlobal
