
Microsoft Visual Studio Solution File, Format Version 12.00
# Visual Studio Version 17
VisualStudioVersion = 17.9.34723.18
MinimumVisualStudioVersion = 10.0.40219.1
Project("{FAE04EC0-301F-11D3-BF4B-00C04F79EFBC}") = "Ejercicio9_TP2", "Ejercicio9_TP2.csproj", "{530BF573-C59C-488D-A82F-665214ACC9CF}"
EndProject
Global
	GlobalSection(SolutionConfigurationPlatforms) = preSolution
		Debug|Any CPU = Debug|Any CPU
		Release|Any CPU = Release|Any CPU
	EndGlobalSection
	GlobalSection(ProjectConfigurationPlatforms) = postSolution
		{530BF573-C59C-488D-A82F-665214ACC9CF}.Debug|Any CPU.ActiveCfg = Debug|Any CPU
		{530BF573-C59C-488D-A82F-665214ACC9CF}.Debug|Any CPU.Build.0 = Debug|Any CPU
		{530BF573-C59C-488D-A82F-665214ACC9CF}.Release|Any CPU.ActiveCfg = Release|Any CPU
		{530BF573-C59C-488D-A82F-665214ACC9CF}.Release|Any CPU.Build.0 = Release|Any CPU
	EndGlobalSection
	GlobalSection(SolutionProperties) = preSolution
		HideSolutionNode = FALSE
	EndGlobalSection
	GlobalSection(ExtensibilityGlobals) = postSolution
		SolutionGuid = {6DBC9D03-E956-4BF3-BD56-FE7874DDBB31}
	EndGlobalSection
EndGlobal
